PODS:
  - Capacitor (8.3.4):
    - CapacitorCordova
  - CapacitorCordova (8.3.4)
  - CapacitorSplashScreen (8.0.1):
    - Capacitor
  - CapacitorStatusBar (8.0.2):
    - Capacitor

DEPENDENCIES:
  - "Capacitor (from `../../node_modules/@capacitor/ios`)"
  - "CapacitorCordova (from `../../node_modules/@capacitor/ios`)"
  - "CapacitorSplashScreen (from `../../node_modules/@capacitor/splash-screen`)"
  - "CapacitorStatusBar (from `../../node_modules/@capacitor/status-bar`)"

EXTERNAL SOURCES:
  Capacitor:
    :path: "../../node_modules/@capacitor/ios"
  CapacitorCordova:
    :path: "../../node_modules/@capacitor/ios"
  CapacitorSplashScreen:
    :path: "../../node_modules/@capacitor/splash-screen"
  CapacitorStatusBar:
    :path: "../../node_modules/@capacitor/status-bar"

SPEC CHECKSUMS:
  Capacitor: d13cad5fa09155679672808cc4ca9fbc2997e1b4
  CapacitorCordova: c07921bdcfec6f691bae22274446b4d606ebf6a4
  CapacitorSplashScreen: 4b46c72298db552b3c57ce021ef028b6dc7f1fa7
  CapacitorStatusBar: 01d5763b4ed720de5ce2edbc938de6a98f4c8f32

PODFILE CHECKSUM: 26d751f2e0e77af1095ba51d78a028c63a61d8bb

COCOAPODS: 1.16.2
